// !$*UTF8*$!
{
	archiveVersion = 1;
	classes = {
	};
	objectVersion = 46;
	objects = {

/* Begin PBXBuildFile section */
		EEC003BB1D3C3997009F0C20 /* AppDelegate.swift in Sources */ = {isa = PBXBuildFile; fileRef = EEC003BA1D3C3997009F0C20 /* AppDelegate.swift */; };
		EEC003BD1D3C3997009F0C20 /* ViewController.swift in Sources */ = {isa = PBXBuildFile; fileRef = EEC003BC1D3C3997009F0C20 /* ViewController.swift */; };
		EEC003C01D3C3997009F0C20 /* Main.storyboard in Resources */ = {isa = PBXBuildFile; fileRef = EEC003BE1D3C3997009F0C20 /* Main.storyboard */; };
		EEC003C21D3C3997009F0C20 /* Assets.xcassets in Resources */ = {isa = PBXBuildFile; fileRef = EEC003C11D3C3997009F0C20 /* Assets.xcassets */; };
		EEC003C51D3C3997009F0C20 /* LaunchScreen.storyboard in Resources */ = {isa = PBXBuildFile; fileRef = EEC003C31D3C3997009F0C20 /* LaunchScreen.storyboard */; };
		EEC003CD1D3C3A97009F0C20 /* ViewMasa.swift in Sources */ = {isa = PBXBuildFile; fileRef = EEC003CC1D3C3A97009F0C20 /* ViewMasa.swift */; };
		EEC003CF1D3C3DE4009F0C20 /* ViewQueso.swift in Sources */ = {isa = PBXBuildFile; fileRef = EEC003CE1D3C3DE4009F0C20 /* ViewQueso.swift */; };
		EEC003D11D3C5C52009F0C20 /* ViewIngrediente.swift in Sources */ = {isa = PBXBuildFile; fileRef = EEC003D01D3C5C52009F0C20 /* ViewIngrediente.swift */; };
		EEC003D31D3C6DEC009F0C20 /* ViewConfirmacion.swift in Sources */ = {isa = PBXBuildFile; fileRef = EEC003D21D3C6DEC009F0C20 /* ViewConfirmacion.swift */; };
		EEC003D51D3C73F2009F0C20 /* ViewPedido.swift in Sources */ = {isa = PBXBuildFile; fileRef = EEC003D41D3C73F2009F0C20 /* ViewPedido.swift */; };
/* End PBXBuildFile section */

/* Begin PBXFileReference section */
		EEC003B71D3C3997009F0C20 /* prueba3.app */ = {isa = PBXFileReference; explicitFileType = wrapper.application; includeInIndex = 0; path = prueba3.app; sourceTree = BUILT_PRODUCTS_DIR; };
		EEC003BA1D3C3997009F0C20 /* AppDelegate.swift */ = {isa = PBXFileReference; lastKnownFileType = sourcecode.swift; path = AppDelegate.swift; sourceTree = "<group>"; };
		EEC003BC1D3C3997009F0C20 /* ViewController.swift */ = {isa = PBXFileReference; lastKnownFileType = sourcecode.swift; path = ViewController.swift; sourceTree = "<group>"; };
		EEC003BF1D3C3997009F0C20 /* Base */ = {isa = PBXFileReference; lastKnownFileType = file.storyboard; name = Base; path = Base.lproj/Main.storyboard; sourceTree = "<group>"; };
		EEC003C11D3C3997009F0C20 /* Assets.xcassets */ = {isa = PBXFileReference; lastKnownFileType = folder.assetcatalog; path = Assets.xcassets; sourceTree = "<group>"; };
		EEC003C41D3C3997009F0C20 /* Base */ = {isa = PBXFileReference; lastKnownFileType = file.storyboard; name = Base; path = Base.lproj/LaunchScreen.storyboard; sourceTree = "<group>"; };
		EEC003C61D3C3997009F0C20 /* Info.plist */ = {isa = PBXFileReference; lastKnownFileType = text.plist.xml; path = Info.plist; sourceTree = "<group>"; };
		EEC003CC1D3C3A97009F0C20 /* ViewMasa.swift */ = {isa = PBXFileReference; fileEncoding = 4; lastKnownFileType = sourcecode.swift; path = ViewMasa.swift; sourceTree = "<group>"; };
		EEC003CE1D3C3DE4009F0C20 /* ViewQueso.swift */ = {isa = PBXFileReference; fileEncoding = 4; lastKnownFileType = sourcecode.swift; path = ViewQueso.swift; sourceTree = "<group>"; };
		EEC003D01D3C5C52009F0C20 /* ViewIngrediente.swift */ = {isa = PBXFileReference; fileEncoding = 4; lastKnownFileType = sourcecode.swift; path = ViewIngrediente.swift; sourceTree = "<group>"; };
		EEC003D21D3C6DEC009F0C20 /* ViewConfirmacion.swift */ = {isa = PBXFileReference; fileEncoding = 4; lastKnownFileType = sourcecode.swift; path = ViewConfirmacion.swift; sourceTree = "<group>"; };
		EEC003D41D3C73F2009F0C20 /* ViewPedido.swift */ = {isa = PBXFileReference; fileEncoding = 4; lastKnownFileType = sourcecode.swift; path = ViewPedido.swift; sourceTree = "<group>"; };
/* End PBXFileReference section */

/* Begin PBXFrameworksBuildPhase section */
		EEC003B41D3C3997009F0C20 /* Frameworks */ = {
			isa = PBXFrameworksBuildPhase;
			buildActionMask = 2147483647;
			files = (
			);
			runOnlyForDeploymentPostprocessing = 0;
		};
/* End PBXFrameworksBuildPhase section */

/* Begin PBXGroup section */
		EEC003AE1D3C3997009F0C20 = {
			isa = PBXGroup;
			children = (
				EEC003B91D3C3997009F0C20 /* prueba3 */,
				EEC003B81D3C3997009F0C20 /* Products */,
			);
			sourceTree = "<group>";
		};
		EEC003B81D3C3997009F0C20 /* Products */ = {
			isa = PBXGroup;
			children = (
				EEC003B71D3C3997009F0C20 /* prueba3.app */,
			);
			name = Products;
			sourceTree = "<group>";
		};
		EEC003B91D3C3997009F0C20 /* prueba3 */ = {
			isa = PBXGroup;
			children = (
				EEC003BA1D3C3997009F0C20 /* AppDelegate.swift */,
				EEC003BC1D3C3997009F0C20 /* ViewController.swift */,
				EEC003BE1D3C3997009F0C20 /* Main.storyboard */,
				EEC003C11D3C3997009F0C20 /* Assets.xcassets */,
				EEC003C31D3C3997009F0C20 /* LaunchScreen.storyboard */,
				EEC003C61D3C3997009F0C20 /* Info.plist */,
				EEC003CC1D3C3A97009F0C20 /* ViewMasa.swift */,
				EEC003CE1D3C3DE4009F0C20 /* ViewQueso.swift */,
				EEC003D01D3C5C52009F0C20 /* ViewIngrediente.swift */,
				EEC003D21D3C6DEC009F0C20 /* ViewConfirmacion.swift */,
				EEC003D41D3C73F2009F0C20 /* ViewPedido.swift */,
			);
			path = prueba3;
			sourceTree = "<group>";
		};
/* End PBXGroup section */

/* Begin PBXNativeTarget section */
		EEC003B61D3C3997009F0C20 /* prueba3 */ = {
			isa = PBXNativeTarget;
			buildConfigurationList = EEC003C91D3C3997009F0C20 /* Build configuration list for PBXNativeTarget "prueba3" */;
			buildPhases = (
				EEC003B31D3C3997009F0C20 /* Sources */,
				EEC003B41D3C3997009F0C20 /* Frameworks */,
				EEC003B51D3C3997009F0C20 /* Resources */,
			);
			buildRules = (
			);
			dependencies = (
			);
			name = prueba3;
			productName = prueba3;
			productReference = EEC003B71D3C3997009F0C20 /* prueba3.app */;
			productType = "com.apple.product-type.application";
		};
/* End PBXNativeTarget section */

/* Begin PBXProject section */
		EEC003AF1D3C3997009F0C20 /* Project object */ = {
			isa = PBXProject;
			attributes = {
				LastSwiftUpdateCheck = 0730;
				LastUpgradeCheck = 0730;
				ORGANIZATIONNAME = "Luis Rodriguez";
				TargetAttributes = {
					EEC003B61D3C3997009F0C20 = {
						CreatedOnToolsVersion = 7.3.1;
						DevelopmentTeam = GBEM7P83UA;
					};
				};
			};
			buildConfigurationList = EEC003B21D3C3997009F0C20 /* Build configuration list for PBXProject "prueba3" */;
			compatibilityVersion = "Xcode 3.2";
			developmentRegion = English;
			hasScannedForEncodings = 0;
			knownRegions = (
				en,
				Base,
			);
			mainGroup = EEC003AE1D3C3997009F0C20;
			productRefGroup = EEC003B81D3C3997009F0C20 /* Products */;
			projectDirPath = "";
			projectRoot = "";
			targets = (
				EEC003B61D3C3997009F0C20 /* prueba3 */,
			);
		};
/* End PBXProject section */

/* Begin PBXResourcesBuildPhase section */
		EEC003B51D3C3997009F0C20 /* Resources */ = {
			isa = PBXResourcesBuildPhase;
			buildActionMask = 2147483647;
			files = (
				EEC003C51D3C3997009F0C20 /* LaunchScreen.storyboard in Resources */,
				EEC003C21D3C3997009F0C20 /* Assets.xcassets in Resources */,
				EEC003C01D3C3997009F0C20 /* Main.storyboard in Resources */,
			);
			runOnlyForDeploymentPostprocessing = 0;
		};
/* End PBXResourcesBuildPhase section */

/* Begin PBXSourcesBuildPhase section */
		EEC003B31D3C3997009F0C20 /* Sources */ = {
			isa = PBXSourcesBuildPhase;
			buildActionMask = 2147483647;
			files = (
				EEC003D11D3C5C52009F0C20 /* ViewIngrediente.swift in Sources */,
				EEC003BD1D3C3997009F0C20 /* ViewController.swift in Sources */,
				EEC003BB1D3C3997009F0C20 /* AppDelegate.swift in Sources */,
				EEC003CF1D3C3DE4009F0C20 /* ViewQueso.swift in Sources */,
				EEC003D51D3C73F2009F0C20 /* ViewPedido.swift in Sources */,
				EEC003D31D3C6DEC009F0C20 /* ViewConfirmacion.swift in Sources */,
				EEC003CD1D3C3A97009F0C20 /* ViewMasa.swift in Sources */,
			);
			runOnlyForDeploymentPostprocessing = 0;
		};
/* End PBXSourcesBuildPhase section */

/* Begin PBXVariantGroup section */
		EEC003BE1D3C3997009F0C20 /* Main.storyboard */ = {
			isa = PBXVariantGroup;
			children = (
				EEC003BF1D3C3997009F0C20 /* Base */,
			);
			name = Main.storyboard;
			sourceTree = "<group>";
		};
		EEC003C31D3C3997009F0C20 /* LaunchScreen.storyboard */ = {
			isa = PBXVariantGroup;
			children = (
				EEC003C41D3C3997009F0C20 /* Base */,
			);
			name = LaunchScreen.storyboard;
			sourceTree = "<group>";
		};
/* End PBXVariantGroup section */

/* Begin XCBuildConfiguration section */
		EEC003C71D3C3997009F0C20 /* Debug */ = {
			isa = XCBuildConfiguration;
			buildSettings = {
				ALWAYS_SEARCH_USER_PATHS = NO;
				CLANG_ANALYZER_NONNULL = YES;
				CLANG_CXX_LANGUAGE_STANDARD = "gnu++0x";
				CLANG_CXX_LIBRARY = "libc++";
				CLANG_ENABLE_MODULES = YES;
				CLANG_ENABLE_OBJC_ARC = YES;
				CLANG_WARN_BOOL_CONVERSION = YES;
				CLANG_WARN_CONSTANT_CONVERSION = YES;
				CLANG_WARN_DIRECT_OBJC_ISA_USAGE = YES_ERROR;
				CLANG_WARN_EMPTY_BODY = YES;
				CLANG_WARN_ENUM_CONVERSION = YES;
				CLANG_WARN_INT_CONVERSION = YES;
				CLANG_WARN_OBJC_ROOT_CLASS = YES_ERROR;
				CLANG_WARN_UNREACHABLE_CODE = YES;
				CLANG_WARN__DUPLICATE_METHOD_MATCH = YES;
				"CODE_SIGN_IDENTITY[sdk=iphoneos*]" = "iPhone Developer";
				COPY_PHASE_STRIP = NO;
				DEBUG_INFORMATION_FORMAT = dwarf;
				ENABLE_STRICT_OBJC_MSGSEND = YES;
				ENABLE_TESTABILITY = YES;
				GCC_C_LANGUAGE_STANDARD = gnu99;
				GCC_DYNAMIC_NO_PIC = NO;
				GCC_NO_COMMON_BLOCKS = YES;
				GCC_OPTIMIZATION_LEVEL = 0;
				GCC_PREPROCESSOR_DEFINITIONS = (
					"DEBUG=1",
					"$(inherited)",
				);
				GCC_WARN_64_TO_32_BIT_CONVERSION = YES;
				GCC_WARN_ABOUT_RETURN_TYPE = YES_ERROR;
				GCC_WARN_UNDECLARED_SELECTOR = YES;
				GCC_WARN_UNINITIALIZED_AUTOS = YES_AGGRESSIVE;
				GCC_WARN_UNUSED_FUNCTION = YES;
				GCC_WARN_UNUSED_VARIABLE = YES;
				IPHONEOS_DEPLOYMENT_TARGET = 9.3;
				MTL_ENABLE_DEBUG_INFO = YES;
				ONLY_ACTIVE_ARCH = YES;
				SDKROOT = iphoneos;
				SWIFT_OPTIMIZATION_LEVEL = "-Onone";
				TARGETED_DEVICE_FAMILY = "1,2";
			};
			name = Debug;
		};
		EEC003C81D3C3997009F0C20 /* Release */ = {
			isa = XCBuildConfiguration;
			buildSettings = {
				ALWAYS_SEARCH_USER_PATHS = NO;
				CLANG_ANALYZER_NONNULL = YES;
				CLANG_CXX_LANGUAGE_STANDARD = "gnu++0x";
				CLANG_CXX_LIBRARY = "libc++";
				CLANG_ENABLE_MODULES = YES;
				CLANG_ENABLE_OBJC_ARC = YES;
				CLANG_WARN_BOOL_CONVERSION = YES;
				CLANG_WARN_CONSTANT_CONVERSION = YES;
				CLANG_WARN_DIRECT_OBJC_ISA_USAGE = YES_ERROR;
				CLANG_WARN_EMPTY_BODY = YES;
				CLANG_WARN_ENUM_CONVERSION = YES;
				CLANG_WARN_INT_CONVERSION = YES;
				CLANG_WARN_OBJC_ROOT_CLASS = YES_ERROR;
				CLANG_WARN_UNREACHABLE_CODE = YES;
				CLANG_WARN__DUPLICATE_METHOD_MATCH = YES;
				"CODE_SIGN_IDENTITY[sdk=iphoneos*]" = "iPhone Developer";
				COPY_PHASE_STRIP = NO;
				DEBUG_INFORMATION_FORMAT = "dwarf-with-dsym";
				ENABLE_NS_ASSERTIONS = NO;
				ENABLE_STRICT_OBJC_MSGSEND = YES;
				GCC_C_LANGUAGE_STANDARD = gnu99;
				GCC_NO_COMMON_BLOCKS = YES;
				GCC_WARN_64_TO_32_BIT_CONVERSION = YES;
				GCC_WARN_ABOUT_RETURN_TYPE = YES_ERROR;
				GCC_WARN_UNDECLARED_SELECTOR = YES;
				GCC_WARN_UNINITIALIZED_AUTOS = YES_AGGRESSIVE;
				GCC_WARN_UNUSED_FUNCTION = YES;
				GCC_WARN_UNUSED_VARIABLE = YES;
				IPHONEOS_DEPLOYMENT_TARGET = 9.3;
				MTL_ENABLE_DEBUG_INFO = NO;
				SDKROOT = iphoneos;
				TARGETED_DEVICE_FAMILY = "1,2";
				VALIDATE_PRODUCT = YES;
			};
			name = Release;
		};
		EEC003CA1D3C3997009F0C20 /* Debug */ = {
			isa = XCBuildConfiguration;
			buildSettings = {
				ASSETCATALOG_COMPILER_APPICON_NAME = AppIcon;
				INFOPLIST_FILE = prueba3/Info.plist;
				LD_RUNPATH_SEARCH_PATHS = "$(inherited) @executable_path/Frameworks";
				PRODUCT_BUNDLE_IDENTIFIER = mx.univeronline.prueba3;
				PRODUCT_NAME = "$(TARGET_NAME)";
			};
			name = Debug;
		};
		EEC003CB1D3C3997009F0C20 /* Release */ = {
			isa = XCBuildConfiguration;
			buildSettings = {
				ASSETCATALOG_COMPILER_APPICON_NAME = AppIcon;
				INFOPLIST_FILE = prueba3/Info.plist;
				LD_RUNPATH_SEARCH_PATHS = "$(inherited) @executable_path/Frameworks";
				PRODUCT_BUNDLE_IDENTIFIER = mx.univeronline.prueba3;
				PRODUCT_NAME = "$(TARGET_NAME)";
			};
			name = Release;
		};
/* End XCBuildConfiguration section */

/* Begin XCConfigurationList section */
		EEC003B21D3C3997009F0C20 /* Build configuration list for PBXProject "prueba3" */ = {
			isa = XCConfigurationList;
			buildConfigurations = (
				EEC003C71D3C3997009F0C20 /* Debug */,
				EEC003C81D3C3997009F0C20 /* Release */,
			);
			defaultConfigurationIsVisible = 0;
			defaultConfigurationName = Release;
		};
		EEC003C91D3C3997009F0C20 /* Build configuration list for PBXNativeTarget "prueba3" */ = {
			isa = XCConfigurationList;
			buildConfigurations = (
				EEC003CA1D3C3997009F0C20 /* Debug */,
				EEC003CB1D3C3997009F0C20 /* Release */,
			);
			defaultConfigurationIsVisible = 0;
			defaultConfigurationName = Release;
		};
/* End XCConfigurationList section */
	};
	rootObject = EEC003AF1D3C3997009F0C20 /* Project object */;
}
